# THIS IS AN AUTOGENERATED FILE. DO NOT EDIT THIS FILE DIRECTLY.
# yarn lockfile v1


"@vivliostyle/theme-slide@^0.5.0":
  version "0.5.0"
  resolved "https://registry.yarnpkg.com/@vivliostyle/theme-slide/-/theme-slide-0.5.0.tgz#064e2b5b8d1b8a6729a35da01f620f4f48aae52a"
  integrity sha512-RJ1fQqLjYpuwzsIgMXdpjHx9mVJQ2tIkUTl+ITjVYKi15lG+aUyH8ub6O2viE8vEPqmCdhgCJ0+1mhfoeQdtqg==
